
Microsoft Visual Studio Solution File, Format Version 12.00
# Visual Studio Version 16
VisualStudioVersion = 16.0.29806.167
MinimumVisualStudioVersion = 10.0.40219.1
Project("{FAE04EC0-301F-11D3-BF4B-00C04F79EFBC}") = "Week 4 Code along", "Week 4 Code along\Week 4 Code along.csproj", "{F3BAFBE3-F124-4F00-98D7-04683491D2F9}"
EndProject
Global
	GlobalSection(SolutionConfigurationPlatforms) = preSolution
		Debug|Any CPU = Debug|Any CPU
		Release|Any CPU = Release|Any CPU
	EndGlobalSection
	GlobalSection(ProjectConfigurationPlatforms) = postSolution
		{F3BAFBE3-F124-4F00-98D7-04683491D2F9}.Debug|Any CPU.ActiveCfg = Debug|Any CPU
		{F3BAFBE3-F124-4F00-98D7-04683491D2F9}.Debug|Any CPU.Build.0 = Debug|Any CPU
		{F3BAFBE3-F124-4F00-98D7-04683491D2F9}.Release|Any CPU.ActiveCfg = Release|Any CPU
		{F3BAFBE3-F124-4F00-98D7-04683491D2F9}.Release|Any CPU.Build.0 = Release|Any CPU
	EndGlobalSection
	GlobalSection(SolutionProperties) = preSolution
		HideSolutionNode = FALSE
	EndGlobalSection
	GlobalSection(ExtensibilityGlobals) = postSolution
		SolutionGuid = {041F104F-9DC2-419C-92BD-76813A0D32F9}
	EndGlobalSection
EndGlobal
